// !$*UTF8*$!
{
	archiveVersion = 1;
	classes = {
	};
	objectVersion = 46;
	objects = {

/* Begin PBXBuildFile section */
		3C1A44651D03E5D00018E1AA /* ProveOperationToStreamIssueTests.swift in Sources */ = {isa = PBXBuildFile; fileRef = 3C1A44641D03E5D00018E1AA /* ProveOperationToStreamIssueTests.swift */; };
		3C211E751CEF0DEA0033AFA1 /* DatasourceContainerTests.swift in Sources */ = {isa = PBXBuildFile; fileRef = 3C211E731CEF0DEA0033AFA1 /* DatasourceContainerTests.swift */; };
		3C211E761CEF0DEA0033AFA1 /* RealmNotificationTests.swift in Sources */ = {isa = PBXBuildFile; fileRef = 3C211E741CEF0DEA0033AFA1 /* RealmNotificationTests.swift */; };
		3C211E771CEF0E150033AFA1 /* ReactiveKit.framework in Frameworks */ = {isa = PBXBuildFile; fileRef = 3CB76F3F1CEB375700D17FED /* ReactiveKit.framework */; };
		3C211E781CEF0E150033AFA1 /* RealmSwift.framework in Frameworks */ = {isa = PBXBuildFile; fileRef = 3CB76F401CEB375700D17FED /* RealmSwift.framework */; };
		3C211E7A1CEF0E230033AFA1 /* ReactiveKit.framework in CopyFiles */ = {isa = PBXBuildFile; fileRef = 3CB76F3F1CEB375700D17FED /* ReactiveKit.framework */; settings = {ATTRIBUTES = (CodeSignOnCopy, RemoveHeadersOnCopy, ); }; };
		3C211E7B1CEF0E230033AFA1 /* RealmSwift.framework in CopyFiles */ = {isa = PBXBuildFile; fileRef = 3CB76F401CEB375700D17FED /* RealmSwift.framework */; settings = {ATTRIBUTES = (CodeSignOnCopy, RemoveHeadersOnCopy, ); }; };
		3C211E7D1CEF0E3A0033AFA1 /* Cat.swift in Sources */ = {isa = PBXBuildFile; fileRef = 3C211E7C1CEF0E3A0033AFA1 /* Cat.swift */; };
		3C211E931CEF0F550033AFA1 /* Nimble.framework in Frameworks */ = {isa = PBXBuildFile; fileRef = 3C211E881CEF0F450033AFA1 /* Nimble.framework */; };
		3C211E951CEF0FB70033AFA1 /* Realm.framework in Frameworks */ = {isa = PBXBuildFile; fileRef = 3C211E941CEF0FAF0033AFA1 /* Realm.framework */; };
		3C211E961CEF0FBC0033AFA1 /* Realm.framework in CopyFiles */ = {isa = PBXBuildFile; fileRef = 3C211E941CEF0FAF0033AFA1 /* Realm.framework */; settings = {ATTRIBUTES = (CodeSignOnCopy, RemoveHeadersOnCopy, ); }; };
		3CB76F1D1CEB32C700D17FED /* ReactiveKitSwappableDatasource.h in Headers */ = {isa = PBXBuildFile; fileRef = 3CB76F1C1CEB32C700D17FED /* ReactiveKitSwappableDatasource.h */; settings = {ATTRIBUTES = (Public, ); }; };
		3CB76F241CEB32C700D17FED /* ReactiveKitSwappableDatasource.framework in Frameworks */ = {isa = PBXBuildFile; fileRef = 3CB76F191CEB32C700D17FED /* ReactiveKitSwappableDatasource.framework */; };
		3CB76F3A1CEB330D00D17FED /* AnyDataSource.swift in Sources */ = {isa = PBXBuildFile; fileRef = 3CB76F351CEB330D00D17FED /* AnyDataSource.swift */; };
		3CB76F3B1CEB330D00D17FED /* Container.swift in Sources */ = {isa = PBXBuildFile; fileRef = 3CB76F361CEB330D00D17FED /* Container.swift */; };
		3CB76F3C1CEB330D00D17FED /* DataSource.swift in Sources */ = {isa = PBXBuildFile; fileRef = 3CB76F371CEB330D00D17FED /* DataSource.swift */; };
		3CB76F3D1CEB330D00D17FED /* RealmDataSource.swift in Sources */ = {isa = PBXBuildFile; fileRef = 3CB76F391CEB330D00D17FED /* RealmDataSource.swift */; };
		3CB76F411CEB375700D17FED /* ReactiveKit.framework in Frameworks */ = {isa = PBXBuildFile; fileRef = 3CB76F3F1CEB375700D17FED /* ReactiveKit.framework */; };
		3CB76F421CEB375700D17FED /* RealmSwift.framework in Frameworks */ = {isa = PBXBuildFile; fileRef = 3CB76F401CEB375700D17FED /* RealmSwift.framework */; };
/* End PBXBuildFile section */

/* Begin PBXContainerItemProxy section */
		3C211E871CEF0F450033AFA1 /* PBXContainerItemProxy */ = {
			isa = PBXContainerItemProxy;
			containerPortal = 3C211E7E1CEF0F450033AFA1 /* Nimble.xcodeproj */;
			proxyType = 2;
			remoteGlobalIDString = 1F1A74291940169200FFFC47;
			remoteInfo = "Nimble-iOS";
		};
		3C211E891CEF0F450033AFA1 /* PBXContainerItemProxy */ = {
			isa = PBXContainerItemProxy;
			containerPortal = 3C211E7E1CEF0F450033AFA1 /* Nimble.xcodeproj */;
			proxyType = 2;
			remoteGlobalIDString = 1F1A74341940169200FFFC47;
			remoteInfo = "Nimble-iOSTests";
		};
		3C211E8B1CEF0F450033AFA1 /* PBXContainerItemProxy */ = {
			isa = PBXContainerItemProxy;
			containerPortal = 3C211E7E1CEF0F450033AFA1 /* Nimble.xcodeproj */;
			proxyType = 2;
			remoteGlobalIDString = 1F925EAD195C0D6300ED456B;
			remoteInfo = "Nimble-OSX";
		};
		3C211E8D1CEF0F450033AFA1 /* PBXContainerItemProxy */ = {
			isa = PBXContainerItemProxy;
			containerPortal = 3C211E7E1CEF0F450033AFA1 /* Nimble.xcodeproj */;
			proxyType = 2;
			remoteGlobalIDString = 1F925EB7195C0D6300ED456B;
			remoteInfo = "Nimble-OSXTests";
		};
		3C211E8F1CEF0F450033AFA1 /* PBXContainerItemProxy */ = {
			isa = PBXContainerItemProxy;
			containerPortal = 3C211E7E1CEF0F450033AFA1 /* Nimble.xcodeproj */;
			proxyType = 2;
			remoteGlobalIDString = 1F5DF1551BDCA0CE00C3A531;
			remoteInfo = "Nimble-tvOS";
		};
		3C211E911CEF0F450033AFA1 /* PBXContainerItemProxy */ = {
			isa = PBXContainerItemProxy;
			containerPortal = 3C211E7E1CEF0F450033AFA1 /* Nimble.xcodeproj */;
			proxyType = 2;
			remoteGlobalIDString = 1F5DF15E1BDCA0CE00C3A531;
			remoteInfo = "Nimble-tvOSTests";
		};
		3CB76F251CEB32C700D17FED /* PBXContainerItemProxy */ = {
			isa = PBXContainerItemProxy;
			containerPortal = 3CB76F101CEB32C600D17FED /* Project object */;
			proxyType = 1;
			remoteGlobalIDString = 3CB76F181CEB32C700D17FED;
			remoteInfo = ReactiveKitSwappableDatasource;
		};
/* End PBXContainerItemProxy section */

/* Begin PBXCopyFilesBuildPhase section */
		3C211E791CEF0E190033AFA1 /* CopyFiles */ = {
			isa = PBXCopyFilesBuildPhase;
			buildActionMask = 2147483647;
			dstPath = "";
			dstSubfolderSpec = 10;
			files = (
				3C211E961CEF0FBC0033AFA1 /* Realm.framework in CopyFiles */,
				3C211E7A1CEF0E230033AFA1 /* ReactiveKit.framework in CopyFiles */,
				3C211E7B1CEF0E230033AFA1 /* RealmSwift.framework in CopyFiles */,
			);
			runOnlyForDeploymentPostprocessing = 0;
		};
/* End PBXCopyFilesBuildPhase section */

/* Begin PBXFileReference section */
		3C1A44641D03E5D00018E1AA /* ProveOperationToStreamIssueTests.swift */ = {isa = PBXFileReference; fileEncoding = 4; lastKnownFileType = sourcecode.swift; path = ProveOperationToStreamIssueTests.swift; sourceTree = "<group>"; };
		3C211E731CEF0DEA0033AFA1 /* DatasourceContainerTests.swift */ = {isa = PBXFileReference; fileEncoding = 4; lastKnownFileType = sourcecode.swift; path = DatasourceContainerTests.swift; sourceTree = "<group>"; };
		3C211E741CEF0DEA0033AFA1 /* RealmNotificationTests.swift */ = {isa = PBXFileReference; fileEncoding = 4; lastKnownFileType = sourcecode.swift; path = RealmNotificationTests.swift; sourceTree = "<group>"; };
		3C211E7C1CEF0E3A0033AFA1 /* Cat.swift */ = {isa = PBXFileReference; fileEncoding = 4; lastKnownFileType = sourcecode.swift; path = Cat.swift; sourceTree = "<group>"; };
		3C211E7E1CEF0F450033AFA1 /* Nimble.xcodeproj */ = {isa = PBXFileReference; lastKnownFileType = "wrapper.pb-project"; name = Nimble.xcodeproj; path = Vendor/Nimble/Nimble.xcodeproj; sourceTree = SOURCE_ROOT; };
		3C211E941CEF0FAF0033AFA1 /* Realm.framework */ = {isa = PBXFileReference; lastKnownFileType = wrapper.framework; name = Realm.framework; path = ../Carthage/Build/iOS/Realm.framework; sourceTree = "<group>"; };
		3CB76F191CEB32C700D17FED /* ReactiveKitSwappableDatasource.framework */ = {isa = PBXFileReference; explicitFileType = wrapper.framework; includeInIndex = 0; path = ReactiveKitSwappableDatasource.framework; sourceTree = BUILT_PRODUCTS_DIR; };
		3CB76F1C1CEB32C700D17FED /* ReactiveKitSwappableDatasource.h */ = {isa = PBXFileReference; lastKnownFileType = sourcecode.c.h; path = ReactiveKitSwappableDatasource.h; sourceTree = "<group>"; };
		3CB76F1E1CEB32C700D17FED /* Info.plist */ = {isa = PBXFileReference; lastKnownFileType = text.plist.xml; path = Info.plist; sourceTree = "<group>"; };
		3CB76F231CEB32C700D17FED /* ReactiveKitSwappableDatasourceTests.xctest */ = {isa = PBXFileReference; explicitFileType = wrapper.cfbundle; includeInIndex = 0; path = ReactiveKitSwappableDatasourceTests.xctest; sourceTree = BUILT_PRODUCTS_DIR; };
		3CB76F2A1CEB32C700D17FED /* Info.plist */ = {isa = PBXFileReference; lastKnownFileType = text.plist.xml; path = Info.plist; sourceTree = "<group>"; };
		3CB76F351CEB330D00D17FED /* AnyDataSource.swift */ = {isa = PBXFileReference; fileEncoding = 4; lastKnownFileType = sourcecode.swift; path = AnyDataSource.swift; sourceTree = "<group>"; };
		3CB76F361CEB330D00D17FED /* Container.swift */ = {isa = PBXFileReference; fileEncoding = 4; lastKnownFileType = sourcecode.swift; path = Container.swift; sourceTree = "<group>"; };
		3CB76F371CEB330D00D17FED /* DataSource.swift */ = {isa = PBXFileReference; fileEncoding = 4; lastKnownFileType = sourcecode.swift; path = DataSource.swift; sourceTree = "<group>"; };
		3CB76F391CEB330D00D17FED /* RealmDataSource.swift */ = {isa = PBXFileReference; fileEncoding = 4; lastKnownFileType = sourcecode.swift; path = RealmDataSource.swift; sourceTree = "<group>"; };
		3CB76F3F1CEB375700D17FED /* ReactiveKit.framework */ = {isa = PBXFileReference; lastKnownFileType = wrapper.framework; name = ReactiveKit.framework; path = ../Carthage/Build/iOS/ReactiveKit.framework; sourceTree = "<group>"; };
		3CB76F401CEB375700D17FED /* RealmSwift.framework */ = {isa = PBXFileReference; lastKnownFileType = wrapper.framework; name = RealmSwift.framework; path = ../Carthage/Build/iOS/RealmSwift.framework; sourceTree = "<group>"; };
/* End PBXFileReference section */

/* Begin PBXFrameworksBuildPhase section */
		3CB76F151CEB32C700D17FED /* Frameworks */ = {
			isa = PBXFrameworksBuildPhase;
			buildActionMask = 2147483647;
			files = (
				3CB76F421CEB375700D17FED /* RealmSwift.framework in Frameworks */,
				3CB76F411CEB375700D17FED /* ReactiveKit.framework in Frameworks */,
			);
			runOnlyForDeploymentPostprocessing = 0;
		};
		3CB76F201CEB32C700D17FED /* Frameworks */ = {
			isa = PBXFrameworksBuildPhase;
			buildActionMask = 2147483647;
			files = (
				3C211E931CEF0F550033AFA1 /* Nimble.framework in Frameworks */,
				3CB76F241CEB32C700D17FED /* ReactiveKitSwappableDatasource.framework in Frameworks */,
				3C211E771CEF0E150033AFA1 /* ReactiveKit.framework in Frameworks */,
				3C211E951CEF0FB70033AFA1 /* Realm.framework in Frameworks */,
				3C211E781CEF0E150033AFA1 /* RealmSwift.framework in Frameworks */,
			);
			runOnlyForDeploymentPostprocessing = 0;
		};
/* End PBXFrameworksBuildPhase section */

/* Begin PBXGroup section */
		3C211E7F1CEF0F450033AFA1 /* Products */ = {
			isa = PBXGroup;
			children = (
				3C211E881CEF0F450033AFA1 /* Nimble.framework */,
				3C211E8A1CEF0F450033AFA1 /* NimbleTests.xctest */,
				3C211E8C1CEF0F450033AFA1 /* Nimble.framework */,
				3C211E8E1CEF0F450033AFA1 /* NimbleTests.xctest */,
				3C211E901CEF0F450033AFA1 /* Nimble.framework */,
				3C211E921CEF0F450033AFA1 /* NimbleTests.xctest */,
			);
			name = Products;
			sourceTree = "<group>";
		};
		3C211E981CEF12430033AFA1 /* Frameworks */ = {
			isa = PBXGroup;
			children = (
				3C211E941CEF0FAF0033AFA1 /* Realm.framework */,
				3CB76F3F1CEB375700D17FED /* ReactiveKit.framework */,
				3CB76F401CEB375700D17FED /* RealmSwift.framework */,
			);
			name = Frameworks;
			path = ReactiveKitSwappableDatasource;
			sourceTree = "<group>";
		};
		3CB76F0F1CEB32C600D17FED = {
			isa = PBXGroup;
			children = (
				3C211E981CEF12430033AFA1 /* Frameworks */,
				3CB76F1B1CEB32C700D17FED /* ReactiveKitSwappableDatasource */,
				3CB76F271CEB32C700D17FED /* ReactiveKitSwappableDatasourceTests */,
				3CB76F1A1CEB32C700D17FED /* Products */,
			);
			sourceTree = "<group>";
		};
		3CB76F1A1CEB32C700D17FED /* Products */ = {
			isa = PBXGroup;
			children = (
				3CB76F191CEB32C700D17FED /* ReactiveKitSwappableDatasource.framework */,
				3CB76F231CEB32C700D17FED /* ReactiveKitSwappableDatasourceTests.xctest */,
			);
			name = Products;
			sourceTree = "<group>";
		};
		3CB76F1B1CEB32C700D17FED /* ReactiveKitSwappableDatasource */ = {
			isa = PBXGroup;
			children = (
				3CB76F331CEB330D00D17FED /* Classes */,
				3CB76F1C1CEB32C700D17FED /* ReactiveKitSwappableDatasource.h */,
				3CB76F1E1CEB32C700D17FED /* Info.plist */,
			);
			path = ReactiveKitSwappableDatasource;
			sourceTree = "<group>";
		};
		3CB76F271CEB32C700D17FED /* ReactiveKitSwappableDatasourceTests */ = {
			isa = PBXGroup;
			children = (
				3C211E7E1CEF0F450033AFA1 /* Nimble.xcodeproj */,
				3C211E7C1CEF0E3A0033AFA1 /* Cat.swift */,
				3C211E731CEF0DEA0033AFA1 /* DatasourceContainerTests.swift */,
				3C211E741CEF0DEA0033AFA1 /* RealmNotificationTests.swift */,
				3CB76F2A1CEB32C700D17FED /* Info.plist */,
				3C1A44641D03E5D00018E1AA /* ProveOperationToStreamIssueTests.swift */,
			);
			path = ReactiveKitSwappableDatasourceTests;
			sourceTree = "<group>";
		};
		3CB76F331CEB330D00D17FED /* Classes */ = {
			isa = PBXGroup;
			children = (
				3CB76F341CEB330D00D17FED /* Base */,
				3CB76F381CEB330D00D17FED /* Realm */,
			);
			path = Classes;
			sourceTree = "<group>";
		};
		3CB76F341CEB330D00D17FED /* Base */ = {
			isa = PBXGroup;
			children = (
				3CB76F351CEB330D00D17FED /* AnyDataSource.swift */,
				3CB76F361CEB330D00D17FED /* Container.swift */,
				3CB76F371CEB330D00D17FED /* DataSource.swift */,
			);
			path = Base;
			sourceTree = "<group>";
		};
		3CB76F381CEB330D00D17FED /* Realm */ = {
			isa = PBXGroup;
			children = (
				3CB76F391CEB330D00D17FED /* RealmDataSource.swift */,
			);
			path = Realm;
			sourceTree = "<group>";
		};
/* End PBXGroup section */

/* Begin PBXHeadersBuildPhase section */
		3CB76F161CEB32C700D17FED /* Headers */ = {
			isa = PBXHeadersBuildPhase;
			buildActionMask = 2147483647;
			files = (
				3CB76F1D1CEB32C700D17FED /* ReactiveKitSwappableDatasource.h in Headers */,
			);
			runOnlyForDeploymentPostprocessing = 0;
		};
/* End PBXHeadersBuildPhase section */

/* Begin PBXNativeTarget section */
		3CB76F181CEB32C700D17FED /* ReactiveKitSwappableDatasource */ = {
			isa = PBXNativeTarget;
			buildConfigurationList = 3CB76F2D1CEB32C700D17FED /* Build configuration list for PBXNativeTarget "ReactiveKitSwappableDatasource" */;
			buildPhases = (
				3CB76F141CEB32C700D17FED /* Sources */,
				3CB76F151CEB32C700D17FED /* Frameworks */,
				3CB76F161CEB32C700D17FED /* Headers */,
				3CB76F171CEB32C700D17FED /* Resources */,
				3CB76F3E1CEB351D00D17FED /* ShellScript */,
			);
			buildRules = (
			);
			dependencies = (
			);
			name = ReactiveKitSwappableDatasource;
			productName = ReactiveKitSwappableDatasource;
			productReference = 3CB76F191CEB32C700D17FED /* ReactiveKitSwappableDatasource.framework */;
			productType = "com.apple.product-type.framework";
		};
		3CB76F221CEB32C700D17FED /* ReactiveKitSwappableDatasourceTests */ = {
			isa = PBXNativeTarget;
			buildConfigurationList = 3CB76F301CEB32C700D17FED /* Build configuration list for PBXNativeTarget "ReactiveKitSwappableDatasourceTests" */;
			buildPhases = (
				3CB76F1F1CEB32C700D17FED /* Sources */,
				3CB76F201CEB32C700D17FED /* Frameworks */,
				3CB76F211CEB32C700D17FED /* Resources */,
				3C211E791CEF0E190033AFA1 /* CopyFiles */,
			);
			buildRules = (
			);
			dependencies = (
				3CB76F261CEB32C700D17FED /* PBXTargetDependency */,
			);
			name = ReactiveKitSwappableDatasourceTests;
			productName = ReactiveKitSwappableDatasourceTests;
			productReference = 3CB76F231CEB32C700D17FED /* ReactiveKitSwappableDatasourceTests.xctest */;
			productType = "com.apple.product-type.bundle.unit-test";
		};
/* End PBXNativeTarget section */

/* Begin PBXProject section */
		3CB76F101CEB32C600D17FED /* Project object */ = {
			isa = PBXProject;
			attributes = {
				LastSwiftUpdateCheck = 0730;
				LastUpgradeCheck = 0730;
				ORGANIZATIONNAME = IanDundas;
				TargetAttributes = {
					3CB76F181CEB32C700D17FED = {
						CreatedOnToolsVersion = 7.3.1;
					};
					3CB76F221CEB32C700D17FED = {
						CreatedOnToolsVersion = 7.3.1;
					};
				};
			};
			buildConfigurationList = 3CB76F131CEB32C600D17FED /* Build configuration list for PBXProject "ReactiveKitSwappableDatasource" */;
			compatibilityVersion = "Xcode 3.2";
			developmentRegion = English;
			hasScannedForEncodings = 0;
			knownRegions = (
				en,
			);
			mainGroup = 3CB76F0F1CEB32C600D17FED;
			productRefGroup = 3CB76F1A1CEB32C700D17FED /* Products */;
			projectDirPath = "";
			projectReferences = (
				{
					ProductGroup = 3C211E7F1CEF0F450033AFA1 /* Products */;
					ProjectRef = 3C211E7E1CEF0F450033AFA1 /* Nimble.xcodeproj */;
				},
			);
			projectRoot = "";
			targets = (
				3CB76F181CEB32C700D17FED /* ReactiveKitSwappableDatasource */,
				3CB76F221CEB32C700D17FED /* ReactiveKitSwappableDatasourceTests */,
			);
		};
/* End PBXProject section */

/* Begin PBXReferenceProxy section */
		3C211E881CEF0F450033AFA1 /* Nimble.framework */ = {
			isa = PBXReferenceProxy;
			fileType = wrapper.framework;
			path = Nimble.framework;
			remoteRef = 3C211E871CEF0F450033AFA1 /* PBXContainerItemProxy */;
			sourceTree = BUILT_PRODUCTS_DIR;
		};
		3C211E8A1CEF0F450033AFA1 /* NimbleTests.xctest */ = {
			isa = PBXReferenceProxy;
			fileType = wrapper.cfbundle;
			path = NimbleTests.xctest;
			remoteRef = 3C211E891CEF0F450033AFA1 /* PBXContainerItemProxy */;
			sourceTree = BUILT_PRODUCTS_DIR;
		};
		3C211E8C1CEF0F450033AFA1 /* Nimble.framework */ = {
			isa = PBXReferenceProxy;
			fileType = wrapper.framework;
			path = Nimble.framework;
			remoteRef = 3C211E8B1CEF0F450033AFA1 /* PBXContainerItemProxy */;
			sourceTree = BUILT_PRODUCTS_DIR;
		};
		3C211E8E1CEF0F450033AFA1 /* NimbleTests.xctest */ = {
			isa = PBXReferenceProxy;
			fileType = wrapper.cfbundle;
			path = NimbleTests.xctest;
			remoteRef = 3C211E8D1CEF0F450033AFA1 /* PBXContainerItemProxy */;
			sourceTree = BUILT_PRODUCTS_DIR;
		};
		3C211E901CEF0F450033AFA1 /* Nimble.framework */ = {
			isa = PBXReferenceProxy;
			fileType = wrapper.framework;
			path = Nimble.framework;
			remoteRef = 3C211E8F1CEF0F450033AFA1 /* PBXContainerItemProxy */;
			sourceTree = BUILT_PRODUCTS_DIR;
		};
		3C211E921CEF0F450033AFA1 /* NimbleTests.xctest */ = {
			isa = PBXReferenceProxy;
			fileType = wrapper.cfbundle;
			path = NimbleTests.xctest;
			remoteRef = 3C211E911CEF0F450033AFA1 /* PBXContainerItemProxy */;
			sourceTree = BUILT_PRODUCTS_DIR;
		};
/* End PBXReferenceProxy section */

/* Begin PBXResourcesBuildPhase section */
		3CB76F171CEB32C700D17FED /* Resources */ = {
			isa = PBXResourcesBuildPhase;
			buildActionMask = 2147483647;
			files = (
			);
			runOnlyForDeploymentPostprocessing = 0;
		};
		3CB76F211CEB32C700D17FED /* Resources */ = {
			isa = PBXResourcesBuildPhase;
			buildActionMask = 2147483647;
			files = (
			);
			runOnlyForDeploymentPostprocessing = 0;
		};
/* End PBXResourcesBuildPhase section */

/* Begin PBXShellScriptBuildPhase section */
		3CB76F3E1CEB351D00D17FED /* ShellScript */ = {
			isa = PBXShellScriptBuildPhase;
			buildActionMask = 2147483647;
			files = (
			);
			inputPaths = (
				"$(SRCROOT)/Carthage/Build/iOS/RealmSwift.framework",
				"$(SRCROOT)/Carthage/Build/iOS/ReactiveKit.framework",
			);
			outputPaths = (
			);
			runOnlyForDeploymentPostprocessing = 0;
			shellPath = /bin/sh;
			shellScript = "/usr/local/bin/carthage copy-frameworks";
		};
/* End PBXShellScriptBuildPhase section */

/* Begin PBXSourcesBuildPhase section */
		3CB76F141CEB32C700D17FED /* Sources */ = {
			isa = PBXSourcesBuildPhase;
			buildActionMask = 2147483647;
			files = (
				3CB76F3D1CEB330D00D17FED /* RealmDataSource.swift in Sources */,
				3CB76F3C1CEB330D00D17FED /* DataSource.swift in Sources */,
				3CB76F3A1CEB330D00D17FED /* AnyDataSource.swift in Sources */,
				3CB76F3B1CEB330D00D17FED /* Container.swift in Sources */,
			);
			runOnlyForDeploymentPostprocessing = 0;
		};
		3CB76F1F1CEB32C700D17FED /* Sources */ = {
			isa = PBXSourcesBuildPhase;
			buildActionMask = 2147483647;
			files = (
				3C211E751CEF0DEA0033AFA1 /* DatasourceContainerTests.swift in Sources */,
				3C1A44651D03E5D00018E1AA /* ProveOperationToStreamIssueTests.swift in Sources */,
				3C211E761CEF0DEA0033AFA1 /* RealmNotificationTests.swift in Sources */,
				3C211E7D1CEF0E3A0033AFA1 /* Cat.swift in Sources */,
			);
			runOnlyForDeploymentPostprocessing = 0;
		};
/* End PBXSourcesBuildPhase section */

/* Begin PBXTargetDependency section */
		3CB76F261CEB32C700D17FED /* PBXTargetDependency */ = {
			isa = PBXTargetDependency;
			target = 3CB76F181CEB32C700D17FED /* ReactiveKitSwappableDatasource */;
			targetProxy = 3CB76F251CEB32C700D17FED /* PBXContainerItemProxy */;
		};
/* End PBXTargetDependency section */

/* Begin XCBuildConfiguration section */
		3CB76F2B1CEB32C700D17FED /* Debug */ = {
			isa = XCBuildConfiguration;
			buildSettings = {
				ALWAYS_SEARCH_USER_PATHS = NO;
				CLANG_ANALYZER_NONNULL = YES;
				CLANG_CXX_LANGUAGE_STANDARD = "gnu++0x";
				CLANG_CXX_LIBRARY = "libc++";
				CLANG_ENABLE_MODULES = YES;
				CLANG_ENABLE_OBJC_ARC = YES;
				CLANG_WARN_BOOL_CONVERSION = YES;
				CLANG_WARN_CONSTANT_CONVERSION = YES;
				CLANG_WARN_DIRECT_OBJC_ISA_USAGE = YES_ERROR;
				CLANG_WARN_EMPTY_BODY = YES;
				CLANG_WARN_ENUM_CONVERSION = YES;
				CLANG_WARN_INT_CONVERSION = YES;
				CLANG_WARN_OBJC_ROOT_CLASS = YES_ERROR;
				CLANG_WARN_UNREACHABLE_CODE = YES;
				CLANG_WARN__DUPLICATE_METHOD_MATCH = YES;
				"CODE_SIGN_IDENTITY[sdk=iphoneos*]" = "iPhone Developer";
				COPY_PHASE_STRIP = NO;
				CURRENT_PROJECT_VERSION = 1;
				DEBUG_INFORMATION_FORMAT = dwarf;
				ENABLE_STRICT_OBJC_MSGSEND = YES;
				ENABLE_TESTABILITY = YES;
				GCC_C_LANGUAGE_STANDARD = gnu99;
				GCC_DYNAMIC_NO_PIC = NO;
				GCC_NO_COMMON_BLOCKS = YES;
				GCC_OPTIMIZATION_LEVEL = 0;
				GCC_PREPROCESSOR_DEFINITIONS = (
					"DEBUG=1",
					"$(inherited)",
				);
				GCC_WARN_64_TO_32_BIT_CONVERSION = YES;
				GCC_WARN_ABOUT_RETURN_TYPE = YES_ERROR;
				GCC_WARN_UNDECLARED_SELECTOR = YES;
				GCC_WARN_UNINITIALIZED_AUTOS = YES_AGGRESSIVE;
				GCC_WARN_UNUSED_FUNCTION = YES;
				GCC_WARN_UNUSED_VARIABLE = YES;
				IPHONEOS_DEPLOYMENT_TARGET = 9.0;
				MTL_ENABLE_DEBUG_INFO = YES;
				ONLY_ACTIVE_ARCH = YES;
				SDKROOT = iphoneos;
				SWIFT_OPTIMIZATION_LEVEL = "-Onone";
				TARGETED_DEVICE_FAMILY = "1,2";
				VERSIONING_SYSTEM = "apple-generic";
				VERSION_INFO_PREFIX = "";
			};
			name = Debug;
		};
		3CB76F2C1CEB32C700D17FED /* Release */ = {
			isa = XCBuildConfiguration;
			buildSettings = {
				ALWAYS_SEARCH_USER_PATHS = NO;
				CLANG_ANALYZER_NONNULL = YES;
				CLANG_CXX_LANGUAGE_STANDARD = "gnu++0x";
				CLANG_CXX_LIBRARY = "libc++";
				CLANG_ENABLE_MODULES = YES;
				CLANG_ENABLE_OBJC_ARC = YES;
				CLANG_WARN_BOOL_CONVERSION = YES;
				CLANG_WARN_CONSTANT_CONVERSION = YES;
				CLANG_WARN_DIRECT_OBJC_ISA_USAGE = YES_ERROR;
				CLANG_WARN_EMPTY_BODY = YES;
				CLANG_WARN_ENUM_CONVERSION = YES;
				CLANG_WARN_INT_CONVERSION = YES;
				CLANG_WARN_OBJC_ROOT_CLASS = YES_ERROR;
				CLANG_WARN_UNREACHABLE_CODE = YES;
				CLANG_WARN__DUPLICATE_METHOD_MATCH = YES;
				"CODE_SIGN_IDENTITY[sdk=iphoneos*]" = "iPhone Developer";
				COPY_PHASE_STRIP = NO;
				CURRENT_PROJECT_VERSION = 1;
				DEBUG_INFORMATION_FORMAT = "dwarf-with-dsym";
				ENABLE_NS_ASSERTIONS = NO;
				ENABLE_STRICT_OBJC_MSGSEND = YES;
				GCC_C_LANGUAGE_STANDARD = gnu99;
				GCC_NO_COMMON_BLOCKS = YES;
				GCC_WARN_64_TO_32_BIT_CONVERSION = YES;
				GCC_WARN_ABOUT_RETURN_TYPE = YES_ERROR;
				GCC_WARN_UNDECLARED_SELECTOR = YES;
				GCC_WARN_UNINITIALIZED_AUTOS = YES_AGGRESSIVE;
				GCC_WARN_UNUSED_FUNCTION = YES;
				GCC_WARN_UNUSED_VARIABLE = YES;
				IPHONEOS_DEPLOYMENT_TARGET = 9.0;
				MTL_ENABLE_DEBUG_INFO = NO;
				SDKROOT = iphoneos;
				TARGETED_DEVICE_FAMILY = "1,2";
				VALIDATE_PRODUCT = YES;
				VERSIONING_SYSTEM = "apple-generic";
				VERSION_INFO_PREFIX = "";
			};
			name = Release;
		};
		3CB76F2E1CEB32C700D17FED /* Debug */ = {
			isa = XCBuildConfiguration;
			buildSettings = {
				DEFINES_MODULE = YES;
				DYLIB_COMPATIBILITY_VERSION = 1;
				DYLIB_CURRENT_VERSION = 1;
				DYLIB_INSTALL_NAME_BASE = "@rpath";
				FRAMEWORK_SEARCH_PATHS = (
					"$(inherited)",
					"$(PROJECT_DIR)/Carthage/Build/iOS",
				);
				INFOPLIST_FILE = ReactiveKitSwappableDatasource/Info.plist;
				INSTALL_PATH = "$(LOCAL_LIBRARY_DIR)/Frameworks";
				LD_RUNPATH_SEARCH_PATHS = "$(inherited) @executable_path/Frameworks @loader_path/Frameworks";
				PRODUCT_BUNDLE_IDENTIFIER = uk.co.iandundas.ReactiveKitSwappableDatasource;
				PRODUCT_NAME = "$(TARGET_NAME)";
				SKIP_INSTALL = YES;
			};
			name = Debug;
		};
		3CB76F2F1CEB32C700D17FED /* Release */ = {
			isa = XCBuildConfiguration;
			buildSettings = {
				DEFINES_MODULE = YES;
				DYLIB_COMPATIBILITY_VERSION = 1;
				DYLIB_CURRENT_VERSION = 1;
				DYLIB_INSTALL_NAME_BASE = "@rpath";
				FRAMEWORK_SEARCH_PATHS = (
					"$(inherited)",
					"$(PROJECT_DIR)/Carthage/Build/iOS",
				);
				INFOPLIST_FILE = ReactiveKitSwappableDatasource/Info.plist;
				INSTALL_PATH = "$(LOCAL_LIBRARY_DIR)/Frameworks";
				LD_RUNPATH_SEARCH_PATHS = "$(inherited) @executable_path/Frameworks @loader_path/Frameworks";
				PRODUCT_BUNDLE_IDENTIFIER = uk.co.iandundas.ReactiveKitSwappableDatasource;
				PRODUCT_NAME = "$(TARGET_NAME)";
				SKIP_INSTALL = YES;
			};
			name = Release;
		};
		3CB76F311CEB32C700D17FED /* Debug */ = {
			isa = XCBuildConfiguration;
			buildSettings = {
				FRAMEWORK_SEARCH_PATHS = (
					"$(inherited)",
					"$(PROJECT_DIR)/Carthage/Build/iOS",
				);
				INFOPLIST_FILE = ReactiveKitSwappableDatasourceTests/Info.plist;
				LD_RUNPATH_SEARCH_PATHS = "$(inherited) @executable_path/Frameworks @loader_path/Frameworks";
				PRODUCT_BUNDLE_IDENTIFIER = uk.co.iandundas.ReactiveKitSwappableDatasourceTests;
				PRODUCT_NAME = "$(TARGET_NAME)";
			};
			name = Debug;
		};
		3CB76F321CEB32C700D17FED /* Release */ = {
			isa = XCBuildConfiguration;
			buildSettings = {
				FRAMEWORK_SEARCH_PATHS = (
					"$(inherited)",
					"$(PROJECT_DIR)/Carthage/Build/iOS",
				);
				INFOPLIST_FILE = ReactiveKitSwappableDatasourceTests/Info.plist;
				LD_RUNPATH_SEARCH_PATHS = "$(inherited) @executable_path/Frameworks @loader_path/Frameworks";
				PRODUCT_BUNDLE_IDENTIFIER = uk.co.iandundas.ReactiveKitSwappableDatasourceTests;
				PRODUCT_NAME = "$(TARGET_NAME)";
			};
			name = Release;
		};
/* End XCBuildConfiguration section */

/* Begin XCConfigurationList section */
		3CB76F131CEB32C600D17FED /* Build configuration list for PBXProject "ReactiveKitSwappableDatasource" */ = {
			isa = XCConfigurationList;
			buildConfigurations = (
				3CB76F2B1CEB32C700D17FED /* Debug */,
				3CB76F2C1CEB32C700D17FED /* Release */,
			);
			defaultConfigurationIsVisible = 0;
			defaultConfigurationName = Release;
		};
		3CB76F2D1CEB32C700D17FED /* Build configuration list for PBXNativeTarget "ReactiveKitSwappableDatasource" */ = {
			isa = XCConfigurationList;
			buildConfigurations = (
				3CB76F2E1CEB32C700D17FED /* Debug */,
				3CB76F2F1CEB32C700D17FED /* Release */,
			);
			defaultConfigurationIsVisible = 0;
			defaultConfigurationName = Release;
		};
		3CB76F301CEB32C700D17FED /* Build configuration list for PBXNativeTarget "ReactiveKitSwappableDatasourceTests" */ = {
			isa = XCConfigurationList;
			buildConfigurations = (
				3CB76F311CEB32C700D17FED /* Debug */,
				3CB76F321CEB32C700D17FED /* Release */,
			);
			defaultConfigurationIsVisible = 0;
			defaultConfigurationName = Release;
		};
/* End XCConfigurationList section */
	};
	rootObject = 3CB76F101CEB32C600D17FED /* Project object */;
}
